
Microsoft Visual Studio Solution File, Format Version 12.00
# Visual Studio Version 17
VisualStudioVersion = 17.2.32505.173
MinimumVisualStudioVersion = 10.0.40219.1
Project("{FAE04EC0-301F-11D3-BF4B-00C04F79EFBC}") = "MD5", "Test\MD5.csproj", "{9CC20C6D-177D-42E0-BB20-9BD0A99E44A1}"
EndProject
Project("{FAE04EC0-301F-11D3-BF4B-00C04F79EFBC}") = "MD5Test", "MD5Test\MD5Test.csproj", "{4BAAADE4-FE65-4B66-BE72-FE99B382017A}"
EndProject
Global
	GlobalSection(SolutionConfigurationPlatforms) = preSolution
		Debug|Any CPU = Debug|Any CPU
		Release|Any CPU = Release|Any CPU
	EndGlobalSection
	GlobalSection(ProjectConfigurationPlatforms) = postSolution
		{9CC20C6D-177D-42E0-BB20-9BD0A99E44A1}.Debug|Any CPU.ActiveCfg = Debug|Any CPU
		{9CC20C6D-177D-42E0-BB20-9BD0A99E44A1}.Debug|Any CPU.Build.0 = Debug|Any CPU
		{9CC20C6D-177D-42E0-BB20-9BD0A99E44A1}.Release|Any CPU.ActiveCfg = Release|Any CPU
		{9CC20C6D-177D-42E0-BB20-9BD0A99E44A1}.Release|Any CPU.Build.0 = Release|Any CPU
		{4BAAADE4-FE65-4B66-BE72-FE99B382017A}.Debug|Any CPU.ActiveCfg = Debug|Any CPU
		{4BAAADE4-FE65-4B66-BE72-FE99B382017A}.Debug|Any CPU.Build.0 = Debug|Any CPU
		{4BAAADE4-FE65-4B66-BE72-FE99B382017A}.Release|Any CPU.ActiveCfg = Release|Any CPU
		{4BAAADE4-FE65-4B66-BE72-FE99B382017A}.Release|Any CPU.Build.0 = Release|Any CPU
	EndGlobalSection
	GlobalSection(SolutionProperties) = preSolution
		HideSolutionNode = FALSE
	EndGlobalSection
	GlobalSection(ExtensibilityGlobals) = postSolution
		SolutionGuid = {C9040189-AFF7-479F-B79D-90D73122038F}
	EndGlobalSection
EndGlobal
