
Microsoft Visual Studio Solution File, Format Version 12.00
# Visual Studio Version 17
VisualStudioVersion = 17.2.32505.173
MinimumVisualStudioVersion = 10.0.40219.1
Project("{9A19103F-16F7-4668-BE54-9A1E7A4F7556}") = "LazyTest", "LazyTest\LazyTest.csproj", "{47362B64-59D5-4275-B189-4AE547D1B8A9}"
EndProject
Project("{9A19103F-16F7-4668-BE54-9A1E7A4F7556}") = "Lazy", "Lazy\Lazy.csproj", "{0067E211-7EEC-40BB-AF0E-B3E2BFE38A83}"
EndProject
Global
	GlobalSection(SolutionConfigurationPlatforms) = preSolution
		Debug|Any CPU = Debug|Any CPU
		Release|Any CPU = Release|Any CPU
	EndGlobalSection
	GlobalSection(ProjectConfigurationPlatforms) = postSolution
		{47362B64-59D5-4275-B189-4AE547D1B8A9}.Debug|Any CPU.ActiveCfg = Debug|Any CPU
		{47362B64-59D5-4275-B189-4AE547D1B8A9}.Debug|Any CPU.Build.0 = Debug|Any CPU
		{47362B64-59D5-4275-B189-4AE547D1B8A9}.Release|Any CPU.ActiveCfg = Release|Any CPU
		{47362B64-59D5-4275-B189-4AE547D1B8A9}.Release|Any CPU.Build.0 = Release|Any CPU
		{0067E211-7EEC-40BB-AF0E-B3E2BFE38A83}.Debug|Any CPU.ActiveCfg = Debug|Any CPU
		{0067E211-7EEC-40BB-AF0E-B3E2BFE38A83}.Debug|Any CPU.Build.0 = Debug|Any CPU
		{0067E211-7EEC-40BB-AF0E-B3E2BFE38A83}.Release|Any CPU.ActiveCfg = Release|Any CPU
		{0067E211-7EEC-40BB-AF0E-B3E2BFE38A83}.Release|Any CPU.Build.0 = Release|Any CPU
	EndGlobalSection
	GlobalSection(SolutionProperties) = preSolution
		HideSolutionNode = FALSE
	EndGlobalSection
	GlobalSection(ExtensibilityGlobals) = postSolution
		SolutionGuid = {1DDBE986-F70C-460F-BAC3-5E300605253C}
	EndGlobalSection
EndGlobal
